{
  "name": "web",
  "version": "1.0.0",
  "lockfileVersion": 2,
  "requires": true,
  "packages": {
    "": {
      "name": "web",
      "version": "1.0.0",
      "license": "ISC",
      "dependencies": {
        "bobril": "*",
        "bobx": "*",
        "papaparse": "*"
      },
      "devDependencies": {
        "@types/papaparse": "*",
        "prettier": "*"
      }
    },
    "node_modules/@types/node": {
      "version": "17.0.23",
      "resolved": "https://registry.npmjs.org/@types/node/-/node-17.0.23.tgz",
      "integrity": "sha512-UxDxWn7dl97rKVeVS61vErvw086aCYhDLyvRQZ5Rk65rZKepaFdm53GeqXaKBuOhED4e9uWq34IC3TdSdJJ2Gw==",
      "dev": true
    },
    "node_modules/@types/papaparse": {
      "version": "5.3.2",
      "resolved": "https://registry.npmjs.org/@types/papaparse/-/papaparse-5.3.2.tgz",
      "integrity": "sha512-BNbCHJkTE4RwmAFkCxEalET4mDvGr/1ld7ZtQ4i/laWI/iiVt+GL07stdvufle4KfywyvloqqpIiJscXNCrKxA==",
      "dev": true,
      "dependencies": {
        "@types/node": "*"
      }
    },
    "node_modules/bobril": {
      "version": "20.0.0",
      "resolved": "https://registry.npmjs.org/bobril/-/bobril-20.0.0.tgz",
      "integrity": "sha512-yUZf2CvxlBYquLk1jJoB7jxbMbtRtfbVzPpaf8n7vhbAJMRxyka6VyMOWA8ywXn6+eoIfvI4IIje/ctBhSdVBA=="
    },
    "node_modules/bobx": {
      "version": "1.0.6",
      "resolved": "https://registry.npmjs.org/bobx/-/bobx-1.0.6.tgz",
      "integrity": "sha512-dpmQXXT+zw4NMsMiN0WNiwrNdEVtng3A7v8gy2N262z+3YAMu6skzkZUZP9NbW/O220sOcUtN4KbcN7t6WQk9Q==",
      "dependencies": {
        "bobril": "*"
      }
    },
    "node_modules/papaparse": {
      "version": "5.3.2",
      "resolved": "https://registry.npmjs.org/papaparse/-/papaparse-5.3.2.tgz",
      "integrity": "sha512-6dNZu0Ki+gyV0eBsFKJhYr+MdQYAzFUGlBMNj3GNrmHxmz1lfRa24CjFObPXtjcetlOv5Ad299MhIK0znp3afw=="
    },
    "node_modules/prettier": {
      "version": "2.6.2",
      "resolved": "https://registry.npmjs.org/prettier/-/prettier-2.6.2.tgz",
      "integrity": "sha512-PkUpF+qoXTqhOeWL9fu7As8LXsIUZ1WYaJiY/a7McAQzxjk82OF0tibkFXVCDImZtWxbvojFjerkiLb0/q8mew==",
      "dev": true,
      "bin": {
        "prettier": "bin-prettier.js"
      },
      "engines": {
        "node": ">=10.13.0"
      },
      "funding": {
        "url": "https://github.com/prettier/prettier?sponsor=1"
      }
    }
  },
  "dependencies": {
    "@types/node": {
      "version": "17.0.23",
      "resolved": "https://registry.npmjs.org/@types/node/-/node-17.0.23.tgz",
      "integrity": "sha512-UxDxWn7dl97rKVeVS61vErvw086aCYhDLyvRQZ5Rk65rZKepaFdm53GeqXaKBuOhED4e9uWq34IC3TdSdJJ2Gw==",
      "dev": true
    },
    "@types/papaparse": {
      "version": "5.3.2",
      "resolved": "https://registry.npmjs.org/@types/papaparse/-/papaparse-5.3.2.tgz",
      "integrity": "sha512-BNbCHJkTE4RwmAFkCxEalET4mDvGr/1ld7ZtQ4i/laWI/iiVt+GL07stdvufle4KfywyvloqqpIiJscXNCrKxA==",
      "dev": true,
      "requires": {
        "@types/node": "*"
      }
    },
    "bobril": {
      "version": "20.0.0",
      "resolved": "https://registry.npmjs.org/bobril/-/bobril-20.0.0.tgz",
      "integrity": "sha512-yUZf2CvxlBYquLk1jJoB7jxbMbtRtfbVzPpaf8n7vhbAJMRxyka6VyMOWA8ywXn6+eoIfvI4IIje/ctBhSdVBA=="
    },
    "bobx": {
      "version": "1.0.6",
      "resolved": "https://registry.npmjs.org/bobx/-/bobx-1.0.6.tgz",
      "integrity": "sha512-dpmQXXT+zw4NMsMiN0WNiwrNdEVtng3A7v8gy2N262z+3YAMu6skzkZUZP9NbW/O220sOcUtN4KbcN7t6WQk9Q==",
      "requires": {
        "bobril": "*"
      }
    },
    "papaparse": {
      "version": "5.3.2",
      "resolved": "https://registry.npmjs.org/papaparse/-/papaparse-5.3.2.tgz",
      "integrity": "sha512-6dNZu0Ki+gyV0eBsFKJhYr+MdQYAzFUGlBMNj3GNrmHxmz1lfRa24CjFObPXtjcetlOv5Ad299MhIK0znp3afw=="
    },
    "prettier": {
      "version": "2.6.2",
      "resolved": "https://registry.npmjs.org/prettier/-/prettier-2.6.2.tgz",
      "integrity": "sha512-PkUpF+qoXTqhOeWL9fu7As8LXsIUZ1WYaJiY/a7McAQzxjk82OF0tibkFXVCDImZtWxbvojFjerkiLb0/q8mew==",
      "dev": true
    }
  }
}
