{
  "name": "web",
  "version": "1.0.0",
  "lockfileVersion": 1,
  "requires": true,
  "dependencies": {
    "@types/node": {
      "version": "14.11.2",
      "resolved": "https://registry.npmjs.org/@types/node/-/node-14.11.2.tgz",
      "integrity": "sha512-jiE3QIxJ8JLNcb1Ps6rDbysDhN4xa8DJJvuC9prr6w+1tIh+QAbYyNF3tyiZNLDBIuBCf4KEcV2UvQm/V60xfA==",
      "dev": true
    },
    "@types/papaparse": {
      "version": "5.2.2",
      "resolved": "https://registry.npmjs.org/@types/papaparse/-/papaparse-5.2.2.tgz",
      "integrity": "sha512-e+3C4Mw/15uNC70ctfeehGooRlGv/h7fW8cf8HfBNDUngC/Ajtc6dqizx+ncDz7nj3/R1cshmYZnu86xZHvwRw==",
      "dev": true,
      "requires": {
        "@types/node": "*"
      }
    },
    "bobril": {
      "version": "14.9.0",
      "resolved": "https://registry.npmjs.org/bobril/-/bobril-14.9.0.tgz",
      "integrity": "sha512-m0EU0+vxz4sAYArzhvVFGvLiQJI9JdMWM9xrJIrvzRLs9xEt4nxvTzYpo7NFiF882/0U4bQjKI98BClxD7T6Fg=="
    },
    "bobx": {
      "version": "0.28.0",
      "resolved": "https://registry.npmjs.org/bobx/-/bobx-0.28.0.tgz",
      "integrity": "sha512-lPC3/QMzWwInCRCDImaIpjqoKn1gpb7+5BucaYHuz6PprRrf1VaR2zJnFZbNiLEBRvwnNx82yPXpMZt5r9ES2w==",
      "requires": {
        "bobril": "*"
      }
    },
    "papaparse": {
      "version": "5.3.0",
      "resolved": "https://registry.npmjs.org/papaparse/-/papaparse-5.3.0.tgz",
      "integrity": "sha512-Lb7jN/4bTpiuGPrYy4tkKoUS8sTki8zacB5ke1p5zolhcSE4TlWgrlsxjrDTbG/dFVh07ck7X36hUf/b5V68pg=="
    },
    "prettier": {
      "version": "2.1.2",
      "resolved": "https://registry.npmjs.org/prettier/-/prettier-2.1.2.tgz",
      "integrity": "sha512-16c7K+x4qVlJg9rEbXl7HEGmQyZlG4R9AgP+oHKRMsMsuk8s+ATStlf1NpDqyBI1HpVyfjLOeMhH2LvuNvV5Vg==",
      "dev": true
    }
  }
}
